
Microsoft Visual Studio Solution File, Format Version 12.00
# Visual Studio Version 17
VisualStudioVersion = 17.0.31903.59
MinimumVisualStudioVersion = 10.0.40219.1
Project("{FAE04EC0-301F-11D3-BF4B-00C04F79EFBC}") = "Domain", "Domain\Domain.csproj", "{F72BA8B5-90CE-477B-8D26-85B35AF5F6EE}"
EndProject
Project("{FAE04EC0-301F-11D3-BF4B-00C04F79EFBC}") = "QueueManagerBot", "QueueManagerBot\QueueManagerBot.csproj", "{5961456F-9FFD-4C09-AA16-FDA77E366E11}"
EndProject
Project("{FAE04EC0-301F-11D3-BF4B-00C04F79EFBC}") = "WebApi", "WebApi\WebApi.csproj", "{BE6C0D75-76F0-4A88-8A04-8024F44F3054}"
EndProject
Project("{FAE04EC0-301F-11D3-BF4B-00C04F79EFBC}") = "Infrastructure", "Infrastructure\Infrastructure.csproj", "{58558B1F-6F85-47D4-907B-208A738ABE1D}"
EndProject
Global
	GlobalSection(SolutionConfigurationPlatforms) = preSolution
		Debug|Any CPU = Debug|Any CPU
		Debug|x64 = Debug|x64
		Debug|x86 = Debug|x86
		Release|Any CPU = Release|Any CPU
		Release|x64 = Release|x64
		Release|x86 = Release|x86
	EndGlobalSection
	GlobalSection(ProjectConfigurationPlatforms) = postSolution
		{F72BA8B5-90CE-477B-8D26-85B35AF5F6EE}.Debug|Any CPU.ActiveCfg = Debug|Any CPU
		{F72BA8B5-90CE-477B-8D26-85B35AF5F6EE}.Debug|Any CPU.Build.0 = Debug|Any CPU
		{F72BA8B5-90CE-477B-8D26-85B35AF5F6EE}.Debug|x64.ActiveCfg = Debug|Any CPU
		{F72BA8B5-90CE-477B-8D26-85B35AF5F6EE}.Debug|x64.Build.0 = Debug|Any CPU
		{F72BA8B5-90CE-477B-8D26-85B35AF5F6EE}.Debug|x86.ActiveCfg = Debug|Any CPU
		{F72BA8B5-90CE-477B-8D26-85B35AF5F6EE}.Debug|x86.Build.0 = Debug|Any CPU
		{F72BA8B5-90CE-477B-8D26-85B35AF5F6EE}.Release|Any CPU.ActiveCfg = Release|Any CPU
		{F72BA8B5-90CE-477B-8D26-85B35AF5F6EE}.Release|Any CPU.Build.0 = Release|Any CPU
		{F72BA8B5-90CE-477B-8D26-85B35AF5F6EE}.Release|x64.ActiveCfg = Release|Any CPU
		{F72BA8B5-90CE-477B-8D26-85B35AF5F6EE}.Release|x64.Build.0 = Release|Any CPU
		{F72BA8B5-90CE-477B-8D26-85B35AF5F6EE}.Release|x86.ActiveCfg = Release|Any CPU
		{F72BA8B5-90CE-477B-8D26-85B35AF5F6EE}.Release|x86.Build.0 = Release|Any CPU
		{5961456F-9FFD-4C09-AA16-FDA77E366E11}.Debug|Any CPU.ActiveCfg = Debug|Any CPU
		{5961456F-9FFD-4C09-AA16-FDA77E366E11}.Debug|Any CPU.Build.0 = Debug|Any CPU
		{5961456F-9FFD-4C09-AA16-FDA77E366E11}.Debug|x64.ActiveCfg = Debug|Any CPU
		{5961456F-9FFD-4C09-AA16-FDA77E366E11}.Debug|x64.Build.0 = Debug|Any CPU
		{5961456F-9FFD-4C09-AA16-FDA77E366E11}.Debug|x86.ActiveCfg = Debug|Any CPU
		{5961456F-9FFD-4C09-AA16-FDA77E366E11}.Debug|x86.Build.0 = Debug|Any CPU
		{5961456F-9FFD-4C09-AA16-FDA77E366E11}.Release|Any CPU.ActiveCfg = Release|Any CPU
		{5961456F-9FFD-4C09-AA16-FDA77E366E11}.Release|Any CPU.Build.0 = Release|Any CPU
		{5961456F-9FFD-4C09-AA16-FDA77E366E11}.Release|x64.ActiveCfg = Release|Any CPU
		{5961456F-9FFD-4C09-AA16-FDA77E366E11}.Release|x64.Build.0 = Release|Any CPU
		{5961456F-9FFD-4C09-AA16-FDA77E366E11}.Release|x86.ActiveCfg = Release|Any CPU
		{5961456F-9FFD-4C09-AA16-FDA77E366E11}.Release|x86.Build.0 = Release|Any CPU
		{BE6C0D75-76F0-4A88-8A04-8024F44F3054}.Debug|Any CPU.ActiveCfg = Debug|Any CPU
		{BE6C0D75-76F0-4A88-8A04-8024F44F3054}.Debug|Any CPU.Build.0 = Debug|Any CPU
		{BE6C0D75-76F0-4A88-8A04-8024F44F3054}.Debug|x64.ActiveCfg = Debug|Any CPU
		{BE6C0D75-76F0-4A88-8A04-8024F44F3054}.Debug|x64.Build.0 = Debug|Any CPU
		{BE6C0D75-76F0-4A88-8A04-8024F44F3054}.Debug|x86.ActiveCfg = Debug|Any CPU
		{BE6C0D75-76F0-4A88-8A04-8024F44F3054}.Debug|x86.Build.0 = Debug|Any CPU
		{BE6C0D75-76F0-4A88-8A04-8024F44F3054}.Release|Any CPU.ActiveCfg = Release|Any CPU
		{BE6C0D75-76F0-4A88-8A04-8024F44F3054}.Release|Any CPU.Build.0 = Release|Any CPU
		{BE6C0D75-76F0-4A88-8A04-8024F44F3054}.Release|x64.ActiveCfg = Release|Any CPU
		{BE6C0D75-76F0-4A88-8A04-8024F44F3054}.Release|x64.Build.0 = Release|Any CPU
		{BE6C0D75-76F0-4A88-8A04-8024F44F3054}.Release|x86.ActiveCfg = Release|Any CPU
		{BE6C0D75-76F0-4A88-8A04-8024F44F3054}.Release|x86.Build.0 = Release|Any CPU
		{58558B1F-6F85-47D4-907B-208A738ABE1D}.Debug|Any CPU.ActiveCfg = Debug|Any CPU
		{58558B1F-6F85-47D4-907B-208A738ABE1D}.Debug|Any CPU.Build.0 = Debug|Any CPU
		{58558B1F-6F85-47D4-907B-208A738ABE1D}.Debug|x64.ActiveCfg = Debug|Any CPU
		{58558B1F-6F85-47D4-907B-208A738ABE1D}.Debug|x64.Build.0 = Debug|Any CPU
		{58558B1F-6F85-47D4-907B-208A738ABE1D}.Debug|x86.ActiveCfg = Debug|Any CPU
		{58558B1F-6F85-47D4-907B-208A738ABE1D}.Debug|x86.Build.0 = Debug|Any CPU
		{58558B1F-6F85-47D4-907B-208A738ABE1D}.Release|Any CPU.ActiveCfg = Release|Any CPU
		{58558B1F-6F85-47D4-907B-208A738ABE1D}.Release|Any CPU.Build.0 = Release|Any CPU
		{58558B1F-6F85-47D4-907B-208A738ABE1D}.Release|x64.ActiveCfg = Release|Any CPU
		{58558B1F-6F85-47D4-907B-208A738ABE1D}.Release|x64.Build.0 = Release|Any CPU
		{58558B1F-6F85-47D4-907B-208A738ABE1D}.Release|x86.ActiveCfg = Release|Any CPU
		{58558B1F-6F85-47D4-907B-208A738ABE1D}.Release|x86.Build.0 = Release|Any CPU
	EndGlobalSection
	GlobalSection(SolutionProperties) = preSolution
		HideSolutionNode = FALSE
	EndGlobalSection
	GlobalSection(ExtensibilityGlobals) = postSolution
		SolutionGuid = {3B5EA9BE-2FBF-4342-AF64-48FFE4040BB2}
	EndGlobalSection
EndGlobal
