Microsoft Visual Studio Solution File, Format Version 12.00
# Visual Studio Version 17
VisualStudioVersion = 17.5.2.0
MinimumVisualStudioVersion = 10.0.40219.1
Project("{FAE04EC0-301F-11D3-BF4B-00C04F79EFBC}") = "QueueManagerBot", "QueueManagerBot.csproj", "{8CC7C480-2646-4A25-AA8E-9D7FB2ADEC2E}"
EndProject
Global
	GlobalSection(SolutionConfigurationPlatforms) = preSolution
		Debug|Any CPU = Debug|Any CPU
		Release|Any CPU = Release|Any CPU
	EndGlobalSection
	GlobalSection(ProjectConfigurationPlatforms) = postSolution
		{8CC7C480-2646-4A25-AA8E-9D7FB2ADEC2E}.Debug|Any CPU.ActiveCfg = Debug|Any CPU
		{8CC7C480-2646-4A25-AA8E-9D7FB2ADEC2E}.Debug|Any CPU.Build.0 = Debug|Any CPU
		{8CC7C480-2646-4A25-AA8E-9D7FB2ADEC2E}.Release|Any CPU.ActiveCfg = Release|Any CPU
		{8CC7C480-2646-4A25-AA8E-9D7FB2ADEC2E}.Release|Any CPU.Build.0 = Release|Any CPU
	EndGlobalSection
	GlobalSection(SolutionProperties) = preSolution
		HideSolutionNode = FALSE
	EndGlobalSection
	GlobalSection(ExtensibilityGlobals) = postSolution
		SolutionGuid = {7B437346-463E-49F5-80AB-2257C8F48284}
	EndGlobalSection
EndGlobal
